Microsoft Visual Studio Solution File, Format Version 9.00
# Visual Studio 2005
Project("{8BC9CEB8-8B4A-11D0-8D11-00A0C91BC942}") = "TClient", "TClient\TClient.vcproj", "{0C8C47BD-1181-445F-BB2A-FEE809CBFB8D}"
	ProjectSection(ProjectDependencies) = postProject
		{53979323-78CC-4FBA-9AD3-4DCAF95DB742} = {53979323-78CC-4FBA-9AD3-4DCAF95DB742}
		{5636D24E-B947-4D6B-B411-DF09E5C1ED87} = {5636D24E-B947-4D6B-B411-DF09E5C1ED87}
		{0438D87F-42E9-4FD3-8F6D-9D14753231B6} = {0438D87F-42E9-4FD3-8F6D-9D14753231B6}
		{BA3F0892-64C5-497B-A10C-DAD0CE92B5FC} = {BA3F0892-64C5-497B-A10C-DAD0CE92B5FC}
		{C4A71BAD-3C8E-4F06-B0DB-57DE85FDB0DB} = {C4A71BAD-3C8E-4F06-B0DB-57DE85FDB0DB}
	EndProjectSection
EndProject
Project("{8BC9CEB8-8B4A-11D0-8D11-00A0C91BC942}") = "TProtocol", "..\TProtocol\TProtocol.vcproj", "{BA3F0892-64C5-497B-A10C-DAD0CE92B5FC}"
EndProject
Project("{8BC9CEB8-8B4A-11D0-8D11-00A0C91BC942}") = "Engine Lib", "TEngine\Engine Lib\Engine Lib.vcproj", "{C4A71BAD-3C8E-4F06-B0DB-57DE85FDB0DB}"
EndProject
Project("{8BC9CEB8-8B4A-11D0-8D11-00A0C91BC942}") = "Game Studio", "TEngine\Game Studio\Game Studio.vcproj", "{BEA3327A-7B2F-4B55-A0DA-0185950D6B14}"
	ProjectSection(ProjectDependencies) = postProject
		{5636D24E-B947-4D6B-B411-DF09E5C1ED87} = {5636D24E-B947-4D6B-B411-DF09E5C1ED87}
		{E2C72177-CA42-4CF4-BEBF-E78FECB44E0A} = {E2C72177-CA42-4CF4-BEBF-E78FECB44E0A}
		{0438D87F-42E9-4FD3-8F6D-9D14753231B6} = {0438D87F-42E9-4FD3-8F6D-9D14753231B6}
		{C4A71BAD-3C8E-4F06-B0DB-57DE85FDB0DB} = {C4A71BAD-3C8E-4F06-B0DB-57DE85FDB0DB}
	EndProjectSection
EndProject
Project("{8BC9CEB8-8B4A-11D0-8D11-00A0C91BC942}") = "TachyonControl", "TEngine\TachyonControl\TachyonControl.vcproj", "{E2C72177-CA42-4CF4-BEBF-E78FECB44E0A}"
EndProject
Project("{8BC9CEB8-8B4A-11D0-8D11-00A0C91BC942}") = "TCML", "TEngine\TCML\TCML.vcproj", "{0438D87F-42E9-4FD3-8F6D-9D14753231B6}"
EndProject
Project("{8BC9CEB8-8B4A-11D0-8D11-00A0C91BC942}") = "TComp", "TEngine\TComp\TComp.vcproj", "{5636D24E-B947-4D6B-B411-DF09E5C1ED87}"
EndProject
Project("{8BC9CEB8-8B4A-11D0-8D11-00A0C91BC942}") = "TChartProtect", "Tools\TChartProtect\TChartProtect.vcproj", "{5500D5C6-8511-4AB0-AD2C-20200D3FA4FF}"
	ProjectSection(ProjectDependencies) = postProject
		{E2C72177-CA42-4CF4-BEBF-E78FECB44E0A} = {E2C72177-CA42-4CF4-BEBF-E78FECB44E0A}
	EndProjectSection
EndProject
Project("{8BC9CEB8-8B4A-11D0-8D11-00A0C91BC942}") = "TCMLParser", "Tools\TCMLParser\TCMLParser.vcproj", "{D566EBA1-7E47-4666-A14E-54D4202EFA9C}"
	ProjectSection(ProjectDependencies) = postProject
		{5636D24E-B947-4D6B-B411-DF09E5C1ED87} = {5636D24E-B947-4D6B-B411-DF09E5C1ED87}
		{0438D87F-42E9-4FD3-8F6D-9D14753231B6} = {0438D87F-42E9-4FD3-8F6D-9D14753231B6}
	EndProjectSection
EndProject
Project("{8BC9CEB8-8B4A-11D0-8D11-00A0C91BC942}") = "TMeshRegulator", "Tools\TMeshRegulator\TMeshRegulator.vcproj", "{A1C5B021-420C-47E4-A368-9390C505E10F}"
EndProject
Project("{8BC9CEB8-8B4A-11D0-8D11-00A0C91BC942}") = "TExplorer", "Tools\TExplorer\TExplorer.vcproj", "{3AF4E6FC-2DF7-4CFC-9979-E71BE475B70B}"
	ProjectSection(ProjectDependencies) = postProject
		{53979323-78CC-4FBA-9AD3-4DCAF95DB742} = {53979323-78CC-4FBA-9AD3-4DCAF95DB742}
		{5636D24E-B947-4D6B-B411-DF09E5C1ED87} = {5636D24E-B947-4D6B-B411-DF09E5C1ED87}
		{0438D87F-42E9-4FD3-8F6D-9D14753231B6} = {0438D87F-42E9-4FD3-8F6D-9D14753231B6}
		{C4A71BAD-3C8E-4F06-B0DB-57DE85FDB0DB} = {C4A71BAD-3C8E-4F06-B0DB-57DE85FDB0DB}
	EndProjectSection
EndProject
Project("{8BC9CEB8-8B4A-11D0-8D11-00A0C91BC942}") = "TMFConvertor", "Tools\TMFConvertor\TMFConvertor.vcproj", "{A1C5B021-420C-47E4-A368-9390C505E11F}"
EndProject
Project("{8BC9CEB8-8B4A-11D0-8D11-00A0C91BC942}") = "TBuilder", "Tools\TBuilder\TBuilder.vcproj", "{CBAC7310-EC4B-4488-90B9-7E1A2C6F1866}"
	ProjectSection(ProjectDependencies) = postProject
		{E2C72177-CA42-4CF4-BEBF-E78FECB44E0A} = {E2C72177-CA42-4CF4-BEBF-E78FECB44E0A}
		{C4A71BAD-3C8E-4F06-B0DB-57DE85FDB0DB} = {C4A71BAD-3C8E-4F06-B0DB-57DE85FDB0DB}
	EndProjectSection
EndProject
Project("{8BC9CEB8-8B4A-11D0-8D11-00A0C91BC942}") = "TQuestEditor", "Tools\TQuestEditor\TQuestEditor.vcproj", "{A59AE4DD-64B2-4C7C-84E8-7A8B32B6FFE6}"
EndProject
Project("{8BC9CEB8-8B4A-11D0-8D11-00A0C91BC942}") = "TPathMerge", "Tools\TPathMerge\TPathMerge.vcproj", "{AC56B221-5F12-4005-A601-561E75DF762C}"
EndProject
Project("{8BC9CEB8-8B4A-11D0-8D11-00A0C91BC942}") = "TChatClient", "TChatClient\TChatClient.vcproj", "{88AEC53E-813C-474B-B34F-D69214480CAB}"
EndProject
Project("{8BC9CEB8-8B4A-11D0-8D11-00A0C91BC942}") = "TMHBuilder", "Tools\TMHBuilder\TMHBuilder.vcproj", "{5E3B81EB-442B-4AA9-906F-E041558113C2}"
EndProject
Project("{8BC9CEB8-8B4A-11D0-8D11-00A0C91BC942}") = "TMonSpawnInspector", "Tools\TMonSpawnInspector\TMonSpawnInspector.vcproj", "{95AB9F05-4111-4EBA-8F6A-20E2AE81606D}"
	ProjectSection(ProjectDependencies) = postProject
		{E2C72177-CA42-4CF4-BEBF-E78FECB44E0A} = {E2C72177-CA42-4CF4-BEBF-E78FECB44E0A}
		{C4A71BAD-3C8E-4F06-B0DB-57DE85FDB0DB} = {C4A71BAD-3C8E-4F06-B0DB-57DE85FDB0DB}
	EndProjectSection
EndProject
Project("{8BC9CEB8-8B4A-11D0-8D11-00A0C91BC942}") = "TPathTime", "Tools\TPathTime\TPathTime.vcproj", "{84B844D1-1A8D-47C5-A064-101B45AA97C7}"
EndProject
Project("{8BC9CEB8-8B4A-11D0-8D11-00A0C91BC942}") = "TRCImporter", "Tools\TRCImporter\TRCImporter.vcproj", "{CE94B93C-D641-49A6-B8B5-93A569A328A2}"
EndProject
Project("{8BC9CEB8-8B4A-11D0-8D11-00A0C91BC942}") = "ExportTAF", "TEngine\Plugins\ExportTAF\ExportTAF.vcproj", "{17C331CA-F2FF-44F1-A13A-8008518EDA51}"
EndProject
Project("{8BC9CEB8-8B4A-11D0-8D11-00A0C91BC942}") = "ExportTMF", "TEngine\Plugins\ExportTMF\ExportTMF.vcproj", "{E2D93293-8A5C-4F5B-A61E-9720F1BCD7D8}"
EndProject
Project("{8BC9CEB8-8B4A-11D0-8D11-00A0C91BC942}") = "TChart", "TChart\TChart.vcproj", "{53979323-78CC-4FBA-9AD3-4DCAF95DB742}"
EndProject
Project("{8BC9CEB8-8B4A-11D0-8D11-00A0C91BC942}") = "TConfigMP", "Tools\TConfigMP\TConfigMP.vcproj", "{1308D307-E045-4D88-9F55-D29B88FA4010}"
EndProject
Project("{8BC9CEB8-8B4A-11D0-8D11-00A0C91BC942}") = "AppLauncher", "Tools\AppLauncher\AppLauncher.vcproj", "{B2BBC4C0-ADEA-4FFD-BEE7-DE370E0D4850}"
EndProject
Project("{8BC9CEB8-8B4A-11D0-8D11-00A0C91BC942}") = "ClientLauncher", "Tools\ClientLauncher\ClientLauncher.vcproj", "{FA134234-5695-4214-A124-5B39CE5EB16A}"
	ProjectSection(ProjectDependencies) = postProject
		{C4A71BAD-3C8E-4F06-B0DB-57DE85FDB0DB} = {C4A71BAD-3C8E-4F06-B0DB-57DE85FDB0DB}
	EndProjectSection
EndProject
Project("{8BC9CEB8-8B4A-11D0-8D11-00A0C91BC942}") = "TLoader", "TLoader\TLoader.vcproj", "{E1A8A689-7780-4223-AAF8-070DEDF095BC}"
EndProject
Project("{8BC9CEB8-8B4A-11D0-8D11-00A0C91BC942}") = "TTranslator", "Tools\TTranslator\TTranslator.vcproj", "{8CC4C0F2-989D-4EC1-8CA1-9DE29EB10433}"
	ProjectSection(ProjectDependencies) = postProject
		{E2C72177-CA42-4CF4-BEBF-E78FECB44E0A} = {E2C72177-CA42-4CF4-BEBF-E78FECB44E0A}
	EndProjectSection
EndProject
Project("{8BC9CEB8-8B4A-11D0-8D11-00A0C91BC942}") = "TIDHBuilder", "Tools\TIDHBuilder\TIDHBuilder.vcproj", "{8FDDCF57-5E7C-4F05-8988-2CAF41926A52}"
EndProject
Project("{8BC9CEB8-8B4A-11D0-8D11-00A0C91BC942}") = "TachyonShader", "TEngine\Plugins\TachyonShader\TachyonShader.vcproj", "{C79359DB-C65F-45D9-9546-EA8EB43D5D1E}"
EndProject
Project("{8BC9CEB8-8B4A-11D0-8D11-00A0C91BC942}") = "TQuestPath", "Tools\TQuestPath\TQuestPath.vcproj", "{1BF6AFD4-531D-4BA9-B5A8-B6100E8FE767}"
EndProject
Project("{8BC9CEB8-8B4A-11D0-8D11-00A0C91BC942}") = "TFontViewer", "Tools\TFontViewer\TFontViewer.vcproj", "{C31F0144-2D1B-4759-B695-9482EC57DEAD}"
	ProjectSection(ProjectDependencies) = postProject
		{5636D24E-B947-4D6B-B411-DF09E5C1ED87} = {5636D24E-B947-4D6B-B411-DF09E5C1ED87}
		{0438D87F-42E9-4FD3-8F6D-9D14753231B6} = {0438D87F-42E9-4FD3-8F6D-9D14753231B6}
		{C4A71BAD-3C8E-4F06-B0DB-57DE85FDB0DB} = {C4A71BAD-3C8E-4F06-B0DB-57DE85FDB0DB}
	EndProjectSection
EndProject
Global
	GlobalSection(SolutionConfigurationPlatforms) = preSolution
		Debug|Win32 = Debug|Win32
		Hybrid|Win32 = Hybrid|Win32
		No Build|Win32 = No Build|Win32
		Release|Win32 = Release|Win32
		Test Release|Win32 = Test Release|Win32
	EndGlobalSection
	GlobalSection(ProjectConfigurationPlatforms) = postSolution
		{0C8C47BD-1181-445F-BB2A-FEE809CBFB8D}.Debug|Win32.ActiveCfg = Debug|Win32
		{0C8C47BD-1181-445F-BB2A-FEE809CBFB8D}.Debug|Win32.Build.0 = Debug|Win32
		{0C8C47BD-1181-445F-BB2A-FEE809CBFB8D}.Hybrid|Win32.ActiveCfg = Test Release|Win32
		{0C8C47BD-1181-445F-BB2A-FEE809CBFB8D}.Hybrid|Win32.Build.0 = Test Release|Win32
		{0C8C47BD-1181-445F-BB2A-FEE809CBFB8D}.No Build|Win32.ActiveCfg = Test Release|Win32
		{0C8C47BD-1181-445F-BB2A-FEE809CBFB8D}.No Build|Win32.Build.0 = Test Release|Win32
		{0C8C47BD-1181-445F-BB2A-FEE809CBFB8D}.Release|Win32.ActiveCfg = Release|Win32
		{0C8C47BD-1181-445F-BB2A-FEE809CBFB8D}.Release|Win32.Build.0 = Release|Win32
		{0C8C47BD-1181-445F-BB2A-FEE809CBFB8D}.Test Release|Win32.ActiveCfg = Test Release|Win32
		{0C8C47BD-1181-445F-BB2A-FEE809CBFB8D}.Test Release|Win32.Build.0 = Test Release|Win32
		{BA3F0892-64C5-497B-A10C-DAD0CE92B5FC}.Debug|Win32.ActiveCfg = No Build|Win32
		{BA3F0892-64C5-497B-A10C-DAD0CE92B5FC}.Hybrid|Win32.ActiveCfg = No Build|Win32
		{BA3F0892-64C5-497B-A10C-DAD0CE92B5FC}.Hybrid|Win32.Build.0 = No Build|Win32
		{BA3F0892-64C5-497B-A10C-DAD0CE92B5FC}.No Build|Win32.ActiveCfg = No Build|Win32
		{BA3F0892-64C5-497B-A10C-DAD0CE92B5FC}.No Build|Win32.Build.0 = No Build|Win32
		{BA3F0892-64C5-497B-A10C-DAD0CE92B5FC}.Release|Win32.ActiveCfg = No Build|Win32
		{BA3F0892-64C5-497B-A10C-DAD0CE92B5FC}.Test Release|Win32.ActiveCfg = No Build|Win32
		{C4A71BAD-3C8E-4F06-B0DB-57DE85FDB0DB}.Debug|Win32.ActiveCfg = Debug|Win32
		{C4A71BAD-3C8E-4F06-B0DB-57DE85FDB0DB}.Debug|Win32.Build.0 = Debug|Win32
		{C4A71BAD-3C8E-4F06-B0DB-57DE85FDB0DB}.Hybrid|Win32.ActiveCfg = Test Release|Win32
		{C4A71BAD-3C8E-4F06-B0DB-57DE85FDB0DB}.Hybrid|Win32.Build.0 = Test Release|Win32
		{C4A71BAD-3C8E-4F06-B0DB-57DE85FDB0DB}.No Build|Win32.ActiveCfg = Test Release|Win32
		{C4A71BAD-3C8E-4F06-B0DB-57DE85FDB0DB}.No Build|Win32.Build.0 = Test Release|Win32
		{C4A71BAD-3C8E-4F06-B0DB-57DE85FDB0DB}.Release|Win32.ActiveCfg = Release|Win32
		{C4A71BAD-3C8E-4F06-B0DB-57DE85FDB0DB}.Release|Win32.Build.0 = Release|Win32
		{C4A71BAD-3C8E-4F06-B0DB-57DE85FDB0DB}.Test Release|Win32.ActiveCfg = Test Release|Win32
		{C4A71BAD-3C8E-4F06-B0DB-57DE85FDB0DB}.Test Release|Win32.Build.0 = Test Release|Win32
		{BEA3327A-7B2F-4B55-A0DA-0185950D6B14}.Debug|Win32.ActiveCfg = Debug|Win32
		{BEA3327A-7B2F-4B55-A0DA-0185950D6B14}.Debug|Win32.Build.0 = Debug|Win32
		{BEA3327A-7B2F-4B55-A0DA-0185950D6B14}.Hybrid|Win32.ActiveCfg = Test Release|Win32
		{BEA3327A-7B2F-4B55-A0DA-0185950D6B14}.Hybrid|Win32.Build.0 = Test Release|Win32
		{BEA3327A-7B2F-4B55-A0DA-0185950D6B14}.No Build|Win32.ActiveCfg = Test Release|Win32
		{BEA3327A-7B2F-4B55-A0DA-0185950D6B14}.No Build|Win32.Build.0 = Test Release|Win32
		{BEA3327A-7B2F-4B55-A0DA-0185950D6B14}.Release|Win32.ActiveCfg = Release|Win32
		{BEA3327A-7B2F-4B55-A0DA-0185950D6B14}.Release|Win32.Build.0 = Release|Win32
		{BEA3327A-7B2F-4B55-A0DA-0185950D6B14}.Test Release|Win32.ActiveCfg = Test Release|Win32
		{BEA3327A-7B2F-4B55-A0DA-0185950D6B14}.Test Release|Win32.Build.0 = Test Release|Win32
		{E2C72177-CA42-4CF4-BEBF-E78FECB44E0A}.Debug|Win32.ActiveCfg = Debug|Win32
		{E2C72177-CA42-4CF4-BEBF-E78FECB44E0A}.Debug|Win32.Build.0 = Debug|Win32
		{E2C72177-CA42-4CF4-BEBF-E78FECB44E0A}.Hybrid|Win32.ActiveCfg = Release|Win32
		{E2C72177-CA42-4CF4-BEBF-E78FECB44E0A}.Hybrid|Win32.Build.0 = Release|Win32
		{E2C72177-CA42-4CF4-BEBF-E78FECB44E0A}.No Build|Win32.ActiveCfg = Release|Win32
		{E2C72177-CA42-4CF4-BEBF-E78FECB44E0A}.No Build|Win32.Build.0 = Release|Win32
		{E2C72177-CA42-4CF4-BEBF-E78FECB44E0A}.Release|Win32.ActiveCfg = Release|Win32
		{E2C72177-CA42-4CF4-BEBF-E78FECB44E0A}.Release|Win32.Build.0 = Release|Win32
		{E2C72177-CA42-4CF4-BEBF-E78FECB44E0A}.Test Release|Win32.ActiveCfg = Release|Win32
		{E2C72177-CA42-4CF4-BEBF-E78FECB44E0A}.Test Release|Win32.Build.0 = Release|Win32
		{0438D87F-42E9-4FD3-8F6D-9D14753231B6}.Debug|Win32.ActiveCfg = Debug|Win32
		{0438D87F-42E9-4FD3-8F6D-9D14753231B6}.Debug|Win32.Build.0 = Debug|Win32
		{0438D87F-42E9-4FD3-8F6D-9D14753231B6}.Hybrid|Win32.ActiveCfg = Debug|Win32
		{0438D87F-42E9-4FD3-8F6D-9D14753231B6}.Hybrid|Win32.Build.0 = Debug|Win32
		{0438D87F-42E9-4FD3-8F6D-9D14753231B6}.No Build|Win32.ActiveCfg = Debug|Win32
		{0438D87F-42E9-4FD3-8F6D-9D14753231B6}.No Build|Win32.Build.0 = Debug|Win32
		{0438D87F-42E9-4FD3-8F6D-9D14753231B6}.Release|Win32.ActiveCfg = Release|Win32
		{0438D87F-42E9-4FD3-8F6D-9D14753231B6}.Release|Win32.Build.0 = Release|Win32
		{0438D87F-42E9-4FD3-8F6D-9D14753231B6}.Test Release|Win32.ActiveCfg = Release|Win32
		{0438D87F-42E9-4FD3-8F6D-9D14753231B6}.Test Release|Win32.Build.0 = Release|Win32
		{5636D24E-B947-4D6B-B411-DF09E5C1ED87}.Debug|Win32.ActiveCfg = Debug|Win32
		{5636D24E-B947-4D6B-B411-DF09E5C1ED87}.Debug|Win32.Build.0 = Debug|Win32
		{5636D24E-B947-4D6B-B411-DF09E5C1ED87}.Hybrid|Win32.ActiveCfg = Test Release|Win32
		{5636D24E-B947-4D6B-B411-DF09E5C1ED87}.Hybrid|Win32.Build.0 = Test Release|Win32
		{5636D24E-B947-4D6B-B411-DF09E5C1ED87}.No Build|Win32.ActiveCfg = Test Release|Win32
		{5636D24E-B947-4D6B-B411-DF09E5C1ED87}.No Build|Win32.Build.0 = Test Release|Win32
		{5636D24E-B947-4D6B-B411-DF09E5C1ED87}.Release|Win32.ActiveCfg = Release|Win32
		{5636D24E-B947-4D6B-B411-DF09E5C1ED87}.Release|Win32.Build.0 = Release|Win32
		{5636D24E-B947-4D6B-B411-DF09E5C1ED87}.Test Release|Win32.ActiveCfg = Test Release|Win32
		{5636D24E-B947-4D6B-B411-DF09E5C1ED87}.Test Release|Win32.Build.0 = Test Release|Win32
		{5500D5C6-8511-4AB0-AD2C-20200D3FA4FF}.Debug|Win32.ActiveCfg = Debug|Win32
		{5500D5C6-8511-4AB0-AD2C-20200D3FA4FF}.Debug|Win32.Build.0 = Debug|Win32
		{5500D5C6-8511-4AB0-AD2C-20200D3FA4FF}.Hybrid|Win32.ActiveCfg = Release|Win32
		{5500D5C6-8511-4AB0-AD2C-20200D3FA4FF}.Hybrid|Win32.Build.0 = Release|Win32
		{5500D5C6-8511-4AB0-AD2C-20200D3FA4FF}.No Build|Win32.ActiveCfg = Release|Win32
		{5500D5C6-8511-4AB0-AD2C-20200D3FA4FF}.No Build|Win32.Build.0 = Release|Win32
		{5500D5C6-8511-4AB0-AD2C-20200D3FA4FF}.Release|Win32.ActiveCfg = Release|Win32
		{5500D5C6-8511-4AB0-AD2C-20200D3FA4FF}.Release|Win32.Build.0 = Release|Win32
		{5500D5C6-8511-4AB0-AD2C-20200D3FA4FF}.Test Release|Win32.ActiveCfg = Release|Win32
		{5500D5C6-8511-4AB0-AD2C-20200D3FA4FF}.Test Release|Win32.Build.0 = Release|Win32
		{D566EBA1-7E47-4666-A14E-54D4202EFA9C}.Debug|Win32.ActiveCfg = Debug|Win32
		{D566EBA1-7E47-4666-A14E-54D4202EFA9C}.Debug|Win32.Build.0 = Debug|Win32
		{D566EBA1-7E47-4666-A14E-54D4202EFA9C}.Hybrid|Win32.ActiveCfg = Release|Win32
		{D566EBA1-7E47-4666-A14E-54D4202EFA9C}.Hybrid|Win32.Build.0 = Release|Win32
		{D566EBA1-7E47-4666-A14E-54D4202EFA9C}.No Build|Win32.ActiveCfg = Release|Win32
		{D566EBA1-7E47-4666-A14E-54D4202EFA9C}.No Build|Win32.Build.0 = Release|Win32
		{D566EBA1-7E47-4666-A14E-54D4202EFA9C}.Release|Win32.ActiveCfg = Release|Win32
		{D566EBA1-7E47-4666-A14E-54D4202EFA9C}.Release|Win32.Build.0 = Release|Win32
		{D566EBA1-7E47-4666-A14E-54D4202EFA9C}.Test Release|Win32.ActiveCfg = Release|Win32
		{D566EBA1-7E47-4666-A14E-54D4202EFA9C}.Test Release|Win32.Build.0 = Release|Win32
		{A1C5B021-420C-47E4-A368-9390C505E10F}.Debug|Win32.ActiveCfg = Debug|Win32
		{A1C5B021-420C-47E4-A368-9390C505E10F}.Debug|Win32.Build.0 = Debug|Win32
		{A1C5B021-420C-47E4-A368-9390C505E10F}.Hybrid|Win32.ActiveCfg = Release|Win32
		{A1C5B021-420C-47E4-A368-9390C505E10F}.Hybrid|Win32.Build.0 = Release|Win32
		{A1C5B021-420C-47E4-A368-9390C505E10F}.No Build|Win32.ActiveCfg = Release|Win32
		{A1C5B021-420C-47E4-A368-9390C505E10F}.No Build|Win32.Build.0 = Release|Win32
		{A1C5B021-420C-47E4-A368-9390C505E10F}.Release|Win32.ActiveCfg = Release|Win32
		{A1C5B021-420C-47E4-A368-9390C505E10F}.Release|Win32.Build.0 = Release|Win32
		{A1C5B021-420C-47E4-A368-9390C505E10F}.Test Release|Win32.ActiveCfg = Release|Win32
		{A1C5B021-420C-47E4-A368-9390C505E10F}.Test Release|Win32.Build.0 = Release|Win32
		{3AF4E6FC-2DF7-4CFC-9979-E71BE475B70B}.Debug|Win32.ActiveCfg = Debug|Win32
		{3AF4E6FC-2DF7-4CFC-9979-E71BE475B70B}.Debug|Win32.Build.0 = Debug|Win32
		{3AF4E6FC-2DF7-4CFC-9979-E71BE475B70B}.Hybrid|Win32.ActiveCfg = Test Release|Win32
		{3AF4E6FC-2DF7-4CFC-9979-E71BE475B70B}.Hybrid|Win32.Build.0 = Test Release|Win32
		{3AF4E6FC-2DF7-4CFC-9979-E71BE475B70B}.No Build|Win32.ActiveCfg = Test Release|Win32
		{3AF4E6FC-2DF7-4CFC-9979-E71BE475B70B}.No Build|Win32.Build.0 = Test Release|Win32
		{3AF4E6FC-2DF7-4CFC-9979-E71BE475B70B}.Release|Win32.ActiveCfg = Release|Win32
		{3AF4E6FC-2DF7-4CFC-9979-E71BE475B70B}.Release|Win32.Build.0 = Release|Win32
		{3AF4E6FC-2DF7-4CFC-9979-E71BE475B70B}.Test Release|Win32.ActiveCfg = Test Release|Win32
		{3AF4E6FC-2DF7-4CFC-9979-E71BE475B70B}.Test Release|Win32.Build.0 = Test Release|Win32
		{A1C5B021-420C-47E4-A368-9390C505E11F}.Debug|Win32.ActiveCfg = Debug|Win32
		{A1C5B021-420C-47E4-A368-9390C505E11F}.Debug|Win32.Build.0 = Debug|Win32
		{A1C5B021-420C-47E4-A368-9390C505E11F}.Hybrid|Win32.ActiveCfg = Release|Win32
		{A1C5B021-420C-47E4-A368-9390C505E11F}.Hybrid|Win32.Build.0 = Release|Win32
		{A1C5B021-420C-47E4-A368-9390C505E11F}.No Build|Win32.ActiveCfg = Release|Win32
		{A1C5B021-420C-47E4-A368-9390C505E11F}.No Build|Win32.Build.0 = Release|Win32
		{A1C5B021-420C-47E4-A368-9390C505E11F}.Release|Win32.ActiveCfg = Release|Win32
		{A1C5B021-420C-47E4-A368-9390C505E11F}.Release|Win32.Build.0 = Release|Win32
		{A1C5B021-420C-47E4-A368-9390C505E11F}.Test Release|Win32.ActiveCfg = Release|Win32
		{A1C5B021-420C-47E4-A368-9390C505E11F}.Test Release|Win32.Build.0 = Release|Win32
		{CBAC7310-EC4B-4488-90B9-7E1A2C6F1866}.Debug|Win32.ActiveCfg = Debug|Win32
		{CBAC7310-EC4B-4488-90B9-7E1A2C6F1866}.Debug|Win32.Build.0 = Debug|Win32
		{CBAC7310-EC4B-4488-90B9-7E1A2C6F1866}.Hybrid|Win32.ActiveCfg = Test Release|Win32
		{CBAC7310-EC4B-4488-90B9-7E1A2C6F1866}.Hybrid|Win32.Build.0 = Test Release|Win32
		{CBAC7310-EC4B-4488-90B9-7E1A2C6F1866}.No Build|Win32.ActiveCfg = Test Release|Win32
		{CBAC7310-EC4B-4488-90B9-7E1A2C6F1866}.No Build|Win32.Build.0 = Test Release|Win32
		{CBAC7310-EC4B-4488-90B9-7E1A2C6F1866}.Release|Win32.ActiveCfg = Release|Win32
		{CBAC7310-EC4B-4488-90B9-7E1A2C6F1866}.Release|Win32.Build.0 = Release|Win32
		{CBAC7310-EC4B-4488-90B9-7E1A2C6F1866}.Test Release|Win32.ActiveCfg = Test Release|Win32
		{CBAC7310-EC4B-4488-90B9-7E1A2C6F1866}.Test Release|Win32.Build.0 = Test Release|Win32
		{A59AE4DD-64B2-4C7C-84E8-7A8B32B6FFE6}.Debug|Win32.ActiveCfg = Debug|Win32
		{A59AE4DD-64B2-4C7C-84E8-7A8B32B6FFE6}.Debug|Win32.Build.0 = Debug|Win32
		{A59AE4DD-64B2-4C7C-84E8-7A8B32B6FFE6}.Hybrid|Win32.ActiveCfg = Debug|Win32
		{A59AE4DD-64B2-4C7C-84E8-7A8B32B6FFE6}.Hybrid|Win32.Build.0 = Debug|Win32
		{A59AE4DD-64B2-4C7C-84E8-7A8B32B6FFE6}.No Build|Win32.ActiveCfg = Debug|Win32
		{A59AE4DD-64B2-4C7C-84E8-7A8B32B6FFE6}.No Build|Win32.Build.0 = Debug|Win32
		{A59AE4DD-64B2-4C7C-84E8-7A8B32B6FFE6}.Release|Win32.ActiveCfg = Release|Win32
		{A59AE4DD-64B2-4C7C-84E8-7A8B32B6FFE6}.Release|Win32.Build.0 = Release|Win32
		{A59AE4DD-64B2-4C7C-84E8-7A8B32B6FFE6}.Test Release|Win32.ActiveCfg = Release|Win32
		{A59AE4DD-64B2-4C7C-84E8-7A8B32B6FFE6}.Test Release|Win32.Build.0 = Release|Win32
		{AC56B221-5F12-4005-A601-561E75DF762C}.Debug|Win32.ActiveCfg = Debug|Win32
		{AC56B221-5F12-4005-A601-561E75DF762C}.Debug|Win32.Build.0 = Debug|Win32
		{AC56B221-5F12-4005-A601-561E75DF762C}.Hybrid|Win32.ActiveCfg = Release|Win32
		{AC56B221-5F12-4005-A601-561E75DF762C}.Hybrid|Win32.Build.0 = Release|Win32
		{AC56B221-5F12-4005-A601-561E75DF762C}.No Build|Win32.ActiveCfg = Release|Win32
		{AC56B221-5F12-4005-A601-561E75DF762C}.No Build|Win32.Build.0 = Release|Win32
		{AC56B221-5F12-4005-A601-561E75DF762C}.Release|Win32.ActiveCfg = Release|Win32
		{AC56B221-5F12-4005-A601-561E75DF762C}.Release|Win32.Build.0 = Release|Win32
		{AC56B221-5F12-4005-A601-561E75DF762C}.Test Release|Win32.ActiveCfg = Release|Win32
		{AC56B221-5F12-4005-A601-561E75DF762C}.Test Release|Win32.Build.0 = Release|Win32
		{88AEC53E-813C-474B-B34F-D69214480CAB}.Debug|Win32.ActiveCfg = Debug|Win32
		{88AEC53E-813C-474B-B34F-D69214480CAB}.Debug|Win32.Build.0 = Debug|Win32
		{88AEC53E-813C-474B-B34F-D69214480CAB}.Hybrid|Win32.ActiveCfg = Release|Win32
		{88AEC53E-813C-474B-B34F-D69214480CAB}.Hybrid|Win32.Build.0 = Release|Win32
		{88AEC53E-813C-474B-B34F-D69214480CAB}.No Build|Win32.ActiveCfg = Release|Win32
		{88AEC53E-813C-474B-B34F-D69214480CAB}.No Build|Win32.Build.0 = Release|Win32
		{88AEC53E-813C-474B-B34F-D69214480CAB}.Release|Win32.ActiveCfg = Release|Win32
		{88AEC53E-813C-474B-B34F-D69214480CAB}.Release|Win32.Build.0 = Release|Win32
		{88AEC53E-813C-474B-B34F-D69214480CAB}.Test Release|Win32.ActiveCfg = Release|Win32
		{88AEC53E-813C-474B-B34F-D69214480CAB}.Test Release|Win32.Build.0 = Release|Win32
		{5E3B81EB-442B-4AA9-906F-E041558113C2}.Debug|Win32.ActiveCfg = Debug|Win32
		{5E3B81EB-442B-4AA9-906F-E041558113C2}.Debug|Win32.Build.0 = Debug|Win32
		{5E3B81EB-442B-4AA9-906F-E041558113C2}.Hybrid|Win32.ActiveCfg = Release|Win32
		{5E3B81EB-442B-4AA9-906F-E041558113C2}.Hybrid|Win32.Build.0 = Release|Win32
		{5E3B81EB-442B-4AA9-906F-E041558113C2}.No Build|Win32.ActiveCfg = Release|Win32
		{5E3B81EB-442B-4AA9-906F-E041558113C2}.No Build|Win32.Build.0 = Release|Win32
		{5E3B81EB-442B-4AA9-906F-E041558113C2}.Release|Win32.ActiveCfg = Release|Win32
		{5E3B81EB-442B-4AA9-906F-E041558113C2}.Release|Win32.Build.0 = Release|Win32
		{5E3B81EB-442B-4AA9-906F-E041558113C2}.Test Release|Win32.ActiveCfg = Release|Win32
		{5E3B81EB-442B-4AA9-906F-E041558113C2}.Test Release|Win32.Build.0 = Release|Win32
		{95AB9F05-4111-4EBA-8F6A-20E2AE81606D}.Debug|Win32.ActiveCfg = Debug|Win32
		{95AB9F05-4111-4EBA-8F6A-20E2AE81606D}.Debug|Win32.Build.0 = Debug|Win32
		{95AB9F05-4111-4EBA-8F6A-20E2AE81606D}.Hybrid|Win32.ActiveCfg = Release|Win32
		{95AB9F05-4111-4EBA-8F6A-20E2AE81606D}.Hybrid|Win32.Build.0 = Release|Win32
		{95AB9F05-4111-4EBA-8F6A-20E2AE81606D}.No Build|Win32.ActiveCfg = Release|Win32
		{95AB9F05-4111-4EBA-8F6A-20E2AE81606D}.No Build|Win32.Build.0 = Release|Win32
		{95AB9F05-4111-4EBA-8F6A-20E2AE81606D}.Release|Win32.ActiveCfg = Release|Win32
		{95AB9F05-4111-4EBA-8F6A-20E2AE81606D}.Release|Win32.Build.0 = Release|Win32
		{95AB9F05-4111-4EBA-8F6A-20E2AE81606D}.Test Release|Win32.ActiveCfg = Release|Win32
		{95AB9F05-4111-4EBA-8F6A-20E2AE81606D}.Test Release|Win32.Build.0 = Release|Win32
		{84B844D1-1A8D-47C5-A064-101B45AA97C7}.Debug|Win32.ActiveCfg = Debug|Win32
		{84B844D1-1A8D-47C5-A064-101B45AA97C7}.Debug|Win32.Build.0 = Debug|Win32
		{84B844D1-1A8D-47C5-A064-101B45AA97C7}.Hybrid|Win32.ActiveCfg = Release|Win32
		{84B844D1-1A8D-47C5-A064-101B45AA97C7}.Hybrid|Win32.Build.0 = Release|Win32
		{84B844D1-1A8D-47C5-A064-101B45AA97C7}.No Build|Win32.ActiveCfg = Release|Win32
		{84B844D1-1A8D-47C5-A064-101B45AA97C7}.No Build|Win32.Build.0 = Release|Win32
		{84B844D1-1A8D-47C5-A064-101B45AA97C7}.Release|Win32.ActiveCfg = Release|Win32
		{84B844D1-1A8D-47C5-A064-101B45AA97C7}.Release|Win32.Build.0 = Release|Win32
		{84B844D1-1A8D-47C5-A064-101B45AA97C7}.Test Release|Win32.ActiveCfg = Release|Win32
		{84B844D1-1A8D-47C5-A064-101B45AA97C7}.Test Release|Win32.Build.0 = Release|Win32
		{CE94B93C-D641-49A6-B8B5-93A569A328A2}.Debug|Win32.ActiveCfg = Debug|Win32
		{CE94B93C-D641-49A6-B8B5-93A569A328A2}.Debug|Win32.Build.0 = Debug|Win32
		{CE94B93C-D641-49A6-B8B5-93A569A328A2}.Hybrid|Win32.ActiveCfg = Release|Win32
		{CE94B93C-D641-49A6-B8B5-93A569A328A2}.Hybrid|Win32.Build.0 = Release|Win32
		{CE94B93C-D641-49A6-B8B5-93A569A328A2}.No Build|Win32.ActiveCfg = Release|Win32
		{CE94B93C-D641-49A6-B8B5-93A569A328A2}.No Build|Win32.Build.0 = Release|Win32
		{CE94B93C-D641-49A6-B8B5-93A569A328A2}.Release|Win32.ActiveCfg = Release|Win32
		{CE94B93C-D641-49A6-B8B5-93A569A328A2}.Release|Win32.Build.0 = Release|Win32
		{CE94B93C-D641-49A6-B8B5-93A569A328A2}.Test Release|Win32.ActiveCfg = Release|Win32
		{CE94B93C-D641-49A6-B8B5-93A569A328A2}.Test Release|Win32.Build.0 = Release|Win32
		{17C331CA-F2FF-44F1-A13A-8008518EDA51}.Debug|Win32.ActiveCfg = Debug|Win32
		{17C331CA-F2FF-44F1-A13A-8008518EDA51}.Debug|Win32.Build.0 = Debug|Win32
		{17C331CA-F2FF-44F1-A13A-8008518EDA51}.Hybrid|Win32.ActiveCfg = Release|Win32
		{17C331CA-F2FF-44F1-A13A-8008518EDA51}.Hybrid|Win32.Build.0 = Release|Win32
		{17C331CA-F2FF-44F1-A13A-8008518EDA51}.No Build|Win32.ActiveCfg = Release|Win32
		{17C331CA-F2FF-44F1-A13A-8008518EDA51}.No Build|Win32.Build.0 = Release|Win32
		{17C331CA-F2FF-44F1-A13A-8008518EDA51}.Release|Win32.ActiveCfg = Release|Win32
		{17C331CA-F2FF-44F1-A13A-8008518EDA51}.Release|Win32.Build.0 = Release|Win32
		{17C331CA-F2FF-44F1-A13A-8008518EDA51}.Test Release|Win32.ActiveCfg = Release|Win32
		{17C331CA-F2FF-44F1-A13A-8008518EDA51}.Test Release|Win32.Build.0 = Release|Win32
		{E2D93293-8A5C-4F5B-A61E-9720F1BCD7D8}.Debug|Win32.ActiveCfg = Debug|Win32
		{E2D93293-8A5C-4F5B-A61E-9720F1BCD7D8}.Debug|Win32.Build.0 = Debug|Win32
		{E2D93293-8A5C-4F5B-A61E-9720F1BCD7D8}.Hybrid|Win32.ActiveCfg = Release|Win32
		{E2D93293-8A5C-4F5B-A61E-9720F1BCD7D8}.Hybrid|Win32.Build.0 = Release|Win32
		{E2D93293-8A5C-4F5B-A61E-9720F1BCD7D8}.No Build|Win32.ActiveCfg = Release|Win32
		{E2D93293-8A5C-4F5B-A61E-9720F1BCD7D8}.No Build|Win32.Build.0 = Release|Win32
		{E2D93293-8A5C-4F5B-A61E-9720F1BCD7D8}.Release|Win32.ActiveCfg = Release|Win32
		{E2D93293-8A5C-4F5B-A61E-9720F1BCD7D8}.Release|Win32.Build.0 = Release|Win32
		{E2D93293-8A5C-4F5B-A61E-9720F1BCD7D8}.Test Release|Win32.ActiveCfg = Release|Win32
		{E2D93293-8A5C-4F5B-A61E-9720F1BCD7D8}.Test Release|Win32.Build.0 = Release|Win32
		{53979323-78CC-4FBA-9AD3-4DCAF95DB742}.Debug|Win32.ActiveCfg = Debug|Win32
		{53979323-78CC-4FBA-9AD3-4DCAF95DB742}.Debug|Win32.Build.0 = Debug|Win32
		{53979323-78CC-4FBA-9AD3-4DCAF95DB742}.Hybrid|Win32.ActiveCfg = Release|Win32
		{53979323-78CC-4FBA-9AD3-4DCAF95DB742}.Hybrid|Win32.Build.0 = Release|Win32
		{53979323-78CC-4FBA-9AD3-4DCAF95DB742}.No Build|Win32.ActiveCfg = Release|Win32
		{53979323-78CC-4FBA-9AD3-4DCAF95DB742}.No Build|Win32.Build.0 = Release|Win32
		{53979323-78CC-4FBA-9AD3-4DCAF95DB742}.Release|Win32.ActiveCfg = Release|Win32
		{53979323-78CC-4FBA-9AD3-4DCAF95DB742}.Release|Win32.Build.0 = Release|Win32
		{53979323-78CC-4FBA-9AD3-4DCAF95DB742}.Test Release|Win32.ActiveCfg = Release|Win32
		{53979323-78CC-4FBA-9AD3-4DCAF95DB742}.Test Release|Win32.Build.0 = Release|Win32
		{1308D307-E045-4D88-9F55-D29B88FA4010}.Debug|Win32.ActiveCfg = Debug|Win32
		{1308D307-E045-4D88-9F55-D29B88FA4010}.Debug|Win32.Build.0 = Debug|Win32
		{1308D307-E045-4D88-9F55-D29B88FA4010}.Hybrid|Win32.ActiveCfg = Release|Win32
		{1308D307-E045-4D88-9F55-D29B88FA4010}.Hybrid|Win32.Build.0 = Release|Win32
		{1308D307-E045-4D88-9F55-D29B88FA4010}.No Build|Win32.ActiveCfg = Release|Win32
		{1308D307-E045-4D88-9F55-D29B88FA4010}.No Build|Win32.Build.0 = Release|Win32
		{1308D307-E045-4D88-9F55-D29B88FA4010}.Release|Win32.ActiveCfg = Release|Win32
		{1308D307-E045-4D88-9F55-D29B88FA4010}.Release|Win32.Build.0 = Release|Win32
		{1308D307-E045-4D88-9F55-D29B88FA4010}.Test Release|Win32.ActiveCfg = Release|Win32
		{1308D307-E045-4D88-9F55-D29B88FA4010}.Test Release|Win32.Build.0 = Release|Win32
		{B2BBC4C0-ADEA-4FFD-BEE7-DE370E0D4850}.Debug|Win32.ActiveCfg = Debug|Win32
		{B2BBC4C0-ADEA-4FFD-BEE7-DE370E0D4850}.Debug|Win32.Build.0 = Debug|Win32
		{B2BBC4C0-ADEA-4FFD-BEE7-DE370E0D4850}.Hybrid|Win32.ActiveCfg = Release|Win32
		{B2BBC4C0-ADEA-4FFD-BEE7-DE370E0D4850}.Hybrid|Win32.Build.0 = Release|Win32
		{B2BBC4C0-ADEA-4FFD-BEE7-DE370E0D4850}.No Build|Win32.ActiveCfg = Release|Win32
		{B2BBC4C0-ADEA-4FFD-BEE7-DE370E0D4850}.No Build|Win32.Build.0 = Release|Win32
		{B2BBC4C0-ADEA-4FFD-BEE7-DE370E0D4850}.Release|Win32.ActiveCfg = Release|Win32
		{B2BBC4C0-ADEA-4FFD-BEE7-DE370E0D4850}.Release|Win32.Build.0 = Release|Win32
		{B2BBC4C0-ADEA-4FFD-BEE7-DE370E0D4850}.Test Release|Win32.ActiveCfg = Release|Win32
		{B2BBC4C0-ADEA-4FFD-BEE7-DE370E0D4850}.Test Release|Win32.Build.0 = Release|Win32
		{FA134234-5695-4214-A124-5B39CE5EB16A}.Debug|Win32.ActiveCfg = Debug|Win32
		{FA134234-5695-4214-A124-5B39CE5EB16A}.Debug|Win32.Build.0 = Debug|Win32
		{FA134234-5695-4214-A124-5B39CE5EB16A}.Hybrid|Win32.ActiveCfg = Release|Win32
		{FA134234-5695-4214-A124-5B39CE5EB16A}.Hybrid|Win32.Build.0 = Release|Win32
		{FA134234-5695-4214-A124-5B39CE5EB16A}.No Build|Win32.ActiveCfg = Release|Win32
		{FA134234-5695-4214-A124-5B39CE5EB16A}.No Build|Win32.Build.0 = Release|Win32
		{FA134234-5695-4214-A124-5B39CE5EB16A}.Release|Win32.ActiveCfg = Release|Win32
		{FA134234-5695-4214-A124-5B39CE5EB16A}.Release|Win32.Build.0 = Release|Win32
		{FA134234-5695-4214-A124-5B39CE5EB16A}.Test Release|Win32.ActiveCfg = Release|Win32
		{FA134234-5695-4214-A124-5B39CE5EB16A}.Test Release|Win32.Build.0 = Release|Win32
		{E1A8A689-7780-4223-AAF8-070DEDF095BC}.Debug|Win32.ActiveCfg = Debug|Win32
		{E1A8A689-7780-4223-AAF8-070DEDF095BC}.Debug|Win32.Build.0 = Debug|Win32
		{E1A8A689-7780-4223-AAF8-070DEDF095BC}.Hybrid|Win32.ActiveCfg = Release|Win32
		{E1A8A689-7780-4223-AAF8-070DEDF095BC}.Hybrid|Win32.Build.0 = Release|Win32
		{E1A8A689-7780-4223-AAF8-070DEDF095BC}.No Build|Win32.ActiveCfg = Release|Win32
		{E1A8A689-7780-4223-AAF8-070DEDF095BC}.No Build|Win32.Build.0 = Release|Win32
		{E1A8A689-7780-4223-AAF8-070DEDF095BC}.Release|Win32.ActiveCfg = Release|Win32
		{E1A8A689-7780-4223-AAF8-070DEDF095BC}.Release|Win32.Build.0 = Release|Win32
		{E1A8A689-7780-4223-AAF8-070DEDF095BC}.Test Release|Win32.ActiveCfg = Release|Win32
		{E1A8A689-7780-4223-AAF8-070DEDF095BC}.Test Release|Win32.Build.0 = Release|Win32
		{8CC4C0F2-989D-4EC1-8CA1-9DE29EB10433}.Debug|Win32.ActiveCfg = Debug|Win32
		{8CC4C0F2-989D-4EC1-8CA1-9DE29EB10433}.Debug|Win32.Build.0 = Debug|Win32
		{8CC4C0F2-989D-4EC1-8CA1-9DE29EB10433}.Hybrid|Win32.ActiveCfg = Release|Win32
		{8CC4C0F2-989D-4EC1-8CA1-9DE29EB10433}.Hybrid|Win32.Build.0 = Release|Win32
		{8CC4C0F2-989D-4EC1-8CA1-9DE29EB10433}.No Build|Win32.ActiveCfg = Release|Win32
		{8CC4C0F2-989D-4EC1-8CA1-9DE29EB10433}.No Build|Win32.Build.0 = Release|Win32
		{8CC4C0F2-989D-4EC1-8CA1-9DE29EB10433}.Release|Win32.ActiveCfg = Release|Win32
		{8CC4C0F2-989D-4EC1-8CA1-9DE29EB10433}.Release|Win32.Build.0 = Release|Win32
		{8CC4C0F2-989D-4EC1-8CA1-9DE29EB10433}.Test Release|Win32.ActiveCfg = Release|Win32
		{8CC4C0F2-989D-4EC1-8CA1-9DE29EB10433}.Test Release|Win32.Build.0 = Release|Win32
		{8FDDCF57-5E7C-4F05-8988-2CAF41926A52}.Debug|Win32.ActiveCfg = Debug|Win32
		{8FDDCF57-5E7C-4F05-8988-2CAF41926A52}.Debug|Win32.Build.0 = Debug|Win32
		{8FDDCF57-5E7C-4F05-8988-2CAF41926A52}.Hybrid|Win32.ActiveCfg = Release|Win32
		{8FDDCF57-5E7C-4F05-8988-2CAF41926A52}.Hybrid|Win32.Build.0 = Release|Win32
		{8FDDCF57-5E7C-4F05-8988-2CAF41926A52}.No Build|Win32.ActiveCfg = Release|Win32
		{8FDDCF57-5E7C-4F05-8988-2CAF41926A52}.No Build|Win32.Build.0 = Release|Win32
		{8FDDCF57-5E7C-4F05-8988-2CAF41926A52}.Release|Win32.ActiveCfg = Release|Win32
		{8FDDCF57-5E7C-4F05-8988-2CAF41926A52}.Release|Win32.Build.0 = Release|Win32
		{8FDDCF57-5E7C-4F05-8988-2CAF41926A52}.Test Release|Win32.ActiveCfg = Release|Win32
		{8FDDCF57-5E7C-4F05-8988-2CAF41926A52}.Test Release|Win32.Build.0 = Release|Win32
		{C79359DB-C65F-45D9-9546-EA8EB43D5D1E}.Debug|Win32.ActiveCfg = Debug|Win32
		{C79359DB-C65F-45D9-9546-EA8EB43D5D1E}.Debug|Win32.Build.0 = Debug|Win32
		{C79359DB-C65F-45D9-9546-EA8EB43D5D1E}.Hybrid|Win32.ActiveCfg = Hybrid|Win32
		{C79359DB-C65F-45D9-9546-EA8EB43D5D1E}.Hybrid|Win32.Build.0 = Hybrid|Win32
		{C79359DB-C65F-45D9-9546-EA8EB43D5D1E}.No Build|Win32.ActiveCfg = Debug|Win32
		{C79359DB-C65F-45D9-9546-EA8EB43D5D1E}.No Build|Win32.Build.0 = Debug|Win32
		{C79359DB-C65F-45D9-9546-EA8EB43D5D1E}.Release|Win32.ActiveCfg = Release|Win32
		{C79359DB-C65F-45D9-9546-EA8EB43D5D1E}.Release|Win32.Build.0 = Release|Win32
		{C79359DB-C65F-45D9-9546-EA8EB43D5D1E}.Test Release|Win32.ActiveCfg = Release|Win32
		{C79359DB-C65F-45D9-9546-EA8EB43D5D1E}.Test Release|Win32.Build.0 = Release|Win32
		{1BF6AFD4-531D-4BA9-B5A8-B6100E8FE767}.Debug|Win32.ActiveCfg = Debug|Win32
		{1BF6AFD4-531D-4BA9-B5A8-B6100E8FE767}.Debug|Win32.Build.0 = Debug|Win32
		{1BF6AFD4-531D-4BA9-B5A8-B6100E8FE767}.Hybrid|Win32.ActiveCfg = Release|Win32
		{1BF6AFD4-531D-4BA9-B5A8-B6100E8FE767}.Hybrid|Win32.Build.0 = Release|Win32
		{1BF6AFD4-531D-4BA9-B5A8-B6100E8FE767}.No Build|Win32.ActiveCfg = Release|Win32
		{1BF6AFD4-531D-4BA9-B5A8-B6100E8FE767}.No Build|Win32.Build.0 = Release|Win32
		{1BF6AFD4-531D-4BA9-B5A8-B6100E8FE767}.Release|Win32.ActiveCfg = Release|Win32
		{1BF6AFD4-531D-4BA9-B5A8-B6100E8FE767}.Release|Win32.Build.0 = Release|Win32
		{1BF6AFD4-531D-4BA9-B5A8-B6100E8FE767}.Test Release|Win32.ActiveCfg = Release|Win32
		{1BF6AFD4-531D-4BA9-B5A8-B6100E8FE767}.Test Release|Win32.Build.0 = Release|Win32
		{C31F0144-2D1B-4759-B695-9482EC57DEAD}.Debug|Win32.ActiveCfg = Debug|Win32
		{C31F0144-2D1B-4759-B695-9482EC57DEAD}.Debug|Win32.Build.0 = Debug|Win32
		{C31F0144-2D1B-4759-B695-9482EC57DEAD}.Hybrid|Win32.ActiveCfg = Release|Win32
		{C31F0144-2D1B-4759-B695-9482EC57DEAD}.Hybrid|Win32.Build.0 = Release|Win32
		{C31F0144-2D1B-4759-B695-9482EC57DEAD}.No Build|Win32.ActiveCfg = Release|Win32
		{C31F0144-2D1B-4759-B695-9482EC57DEAD}.No Build|Win32.Build.0 = Release|Win32
		{C31F0144-2D1B-4759-B695-9482EC57DEAD}.Release|Win32.ActiveCfg = Release|Win32
		{C31F0144-2D1B-4759-B695-9482EC57DEAD}.Release|Win32.Build.0 = Release|Win32
		{C31F0144-2D1B-4759-B695-9482EC57DEAD}.Test Release|Win32.ActiveCfg = Release|Win32
		{C31F0144-2D1B-4759-B695-9482EC57DEAD}.Test Release|Win32.Build.0 = Release|Win32
	EndGlobalSection
	GlobalSection(SolutionProperties) = preSolution
		HideSolutionNode = FALSE
	EndGlobalSection
EndGlobal
