Microsoft Visual Studio Solution File, Format Version 8.00
Project("{8BC9CEB8-8B4A-11D0-8D11-00A0C91BC942}") = "TRCImporter", "TRCImporter.vcproj", "{CE94B93C-D641-49A6-B8B5-93A569A328A2}"
	ProjectSection(ProjectDependencies) = postProject
	EndProjectSection
EndProject
Global
	GlobalSection(SolutionConfiguration) = preSolution
		Debug = Debug
		Release = Release
	EndGlobalSection
	GlobalSection(ProjectConfiguration) = postSolution
		{CE94B93C-D641-49A6-B8B5-93A569A328A2}.Debug.ActiveCfg = Debug|Win32
		{CE94B93C-D641-49A6-B8B5-93A569A328A2}.Debug.Build.0 = Debug|Win32
		{CE94B93C-D641-49A6-B8B5-93A569A328A2}.Release.ActiveCfg = Release|Win32
		{CE94B93C-D641-49A6-B8B5-93A569A328A2}.Release.Build.0 = Release|Win32
	EndGlobalSection
	GlobalSection(ExtensibilityGlobals) = postSolution
	EndGlobalSection
	GlobalSection(ExtensibilityAddIns) = postSolution
	EndGlobalSection
EndGlobal
