<?xml version="1.0" encoding="utf-8"?>
<Project ToolsVersion="4.0" xmlns="http://schemas.microsoft.com/developer/msbuild/2003">
  <ItemGroup>
    <Filter Include="소스 파일">
      <UniqueIdentifier>{4FC737F1-C7A5-4376-A066-2A32D752A2FF}</UniqueIdentifier>
      <Extensions>cpp;c;cxx;def;odl;idl;hpj;bat;asm;asmx</Extensions>
    </Filter>
    <Filter Include="헤더 파일">
      <UniqueIdentifier>{93995380-89BD-4b04-88EB-625FBE52EBFB}</UniqueIdentifier>
      <Extensions>h;hpp;hxx;hm;inl;inc;xsd</Extensions>
    </Filter>
    <Filter Include="리소스 파일">
      <UniqueIdentifier>{67DA6AB6-F800-4c08-8B7A-83BB121AAD01}</UniqueIdentifier>
      <Extensions>rc;ico;cur;bmp;dlg;rc2;rct;bin;rgs;gif;jpg;jpeg;jpe;resx</Extensions>
    </Filter>
  </ItemGroup>
  <ItemGroup>
    <ClCompile Include="stdafx.cpp">
      <Filter>소스 파일</Filter>
    </ClCompile>
    <ClCompile Include="TCMDHandler.cpp">
      <Filter>소스 파일</Filter>
    </ClCompile>
    <ClCompile Include="TMapViewer.cpp">
      <Filter>소스 파일</Filter>
    </ClCompile>
    <ClCompile Include="TMapViewerBSP.cpp">
      <Filter>소스 파일</Filter>
    </ClCompile>
    <ClCompile Include="TMapViewerCAM.cpp">
      <Filter>소스 파일</Filter>
    </ClCompile>
    <ClCompile Include="TMapViewerChar.cpp">
      <Filter>소스 파일</Filter>
    </ClCompile>
    <ClCompile Include="TMapViewerFlag.cpp">
      <Filter>소스 파일</Filter>
    </ClCompile>
    <ClCompile Include="TMapViewerGame.cpp">
      <Filter>소스 파일</Filter>
    </ClCompile>
    <ClCompile Include="TMapViewerGM.cpp">
      <Filter>소스 파일</Filter>
    </ClCompile>
    <ClCompile Include="TMapViewerInven.cpp">
      <Filter>소스 파일</Filter>
    </ClCompile>
    <ClCompile Include="TMapViewerItem.cpp">
      <Filter>소스 파일</Filter>
    </ClCompile>
    <ClCompile Include="TMapViewerKEY.cpp">
      <Filter>소스 파일</Filter>
    </ClCompile>
    <ClCompile Include="TMapViewerMAP.cpp">
      <Filter>소스 파일</Filter>
    </ClCompile>
    <ClCompile Include="TMapViewerMoveObj.cpp">
      <Filter>소스 파일</Filter>
    </ClCompile>
    <ClCompile Include="TMapViewerNpc.cpp">
      <Filter>소스 파일</Filter>
    </ClCompile>
    <ClCompile Include="TMapViewerObjBase.cpp">
      <Filter>소스 파일</Filter>
    </ClCompile>
    <ClCompile Include="TMapViewerObject.cpp">
      <Filter>소스 파일</Filter>
    </ClCompile>
    <ClCompile Include="TMapViewerSFX.cpp">
      <Filter>소스 파일</Filter>
    </ClCompile>
    <ClCompile Include="TMapViewerWnd.cpp">
      <Filter>소스 파일</Filter>
    </ClCompile>
    <ClCompile Include="TMinimapDlg.cpp">
      <Filter>소스 파일</Filter>
    </ClCompile>
    <ClCompile Include="TWorldmapDlg.cpp">
      <Filter>소스 파일</Filter>
    </ClCompile>
  </ItemGroup>
  <ItemGroup>
    <ClInclude Include="resource.h">
      <Filter>헤더 파일</Filter>
    </ClInclude>
    <ClInclude Include="stdafx.h">
      <Filter>헤더 파일</Filter>
    </ClInclude>
    <ClInclude Include="TErrorCode.h">
      <Filter>헤더 파일</Filter>
    </ClInclude>
    <ClInclude Include="TMapViewer.h">
      <Filter>헤더 파일</Filter>
    </ClInclude>
    <ClInclude Include="TMapViewerBSP.h">
      <Filter>헤더 파일</Filter>
    </ClInclude>
    <ClInclude Include="TMapViewerCAM.h">
      <Filter>헤더 파일</Filter>
    </ClInclude>
    <ClInclude Include="TMapViewerChar.h">
      <Filter>헤더 파일</Filter>
    </ClInclude>
    <ClInclude Include="TMapViewerCMD.h">
      <Filter>헤더 파일</Filter>
    </ClInclude>
    <ClInclude Include="TMapViewerFlag.h">
      <Filter>헤더 파일</Filter>
    </ClInclude>
    <ClInclude Include="TMapViewerGame.h">
      <Filter>헤더 파일</Filter>
    </ClInclude>
    <ClInclude Include="TMapViewerInven.h">
      <Filter>헤더 파일</Filter>
    </ClInclude>
    <ClInclude Include="TMapViewerItem.h">
      <Filter>헤더 파일</Filter>
    </ClInclude>
    <ClInclude Include="TMapViewerKEY.h">
      <Filter>헤더 파일</Filter>
    </ClInclude>
    <ClInclude Include="TMapViewerMAP.h">
      <Filter>헤더 파일</Filter>
    </ClInclude>
    <ClInclude Include="TMapViewerMoveObj.h">
      <Filter>헤더 파일</Filter>
    </ClInclude>
    <ClInclude Include="TMapViewerNpc.h">
      <Filter>헤더 파일</Filter>
    </ClInclude>
    <ClInclude Include="TMapViewerObjBase.h">
      <Filter>헤더 파일</Filter>
    </ClInclude>
    <ClInclude Include="TMapViewerObject.h">
      <Filter>헤더 파일</Filter>
    </ClInclude>
    <ClInclude Include="TMapViewerSFX.h">
      <Filter>헤더 파일</Filter>
    </ClInclude>
    <ClInclude Include="TMapViewerType.h">
      <Filter>헤더 파일</Filter>
    </ClInclude>
    <ClInclude Include="TMapViewerWnd.h">
      <Filter>헤더 파일</Filter>
    </ClInclude>
    <ClInclude Include="TMinimapDlg.h">
      <Filter>헤더 파일</Filter>
    </ClInclude>
    <ClInclude Include="TWorldmapDlg.h">
      <Filter>헤더 파일</Filter>
    </ClInclude>
  </ItemGroup>
  <ItemGroup>
    <None Include="res\Path_flag.tmf">
      <Filter>리소스 파일</Filter>
    </None>
    <None Include="res\PS_ADD.psh">
      <Filter>리소스 파일</Filter>
    </None>
    <None Include="res\PS_ADDSIGNED.psh">
      <Filter>리소스 파일</Filter>
    </None>
    <None Include="res\PS_ADDSIGNED2X.psh">
      <Filter>리소스 파일</Filter>
    </None>
    <None Include="res\PS_ADDSMOOTH.psh">
      <Filter>리소스 파일</Filter>
    </None>
    <None Include="res\PS_BLENDCURRENTALPHA.psh">
      <Filter>리소스 파일</Filter>
    </None>
    <None Include="res\PS_BLENDDIFFUSEALPHA.psh">
      <Filter>리소스 파일</Filter>
    </None>
    <None Include="res\PS_BLENDFACTORALPHA.psh">
      <Filter>리소스 파일</Filter>
    </None>
    <None Include="res\PS_BLENDTEXTUREALPHA.psh">
      <Filter>리소스 파일</Filter>
    </None>
    <None Include="res\PS_BLENDTEXTUREALPHAPM.psh">
      <Filter>리소스 파일</Filter>
    </None>
    <None Include="res\PS_DETAILMAP.psh">
      <Filter>리소스 파일</Filter>
    </None>
    <None Include="res\PS_DOTPRODUCT3.psh">
      <Filter>리소스 파일</Filter>
    </None>
    <None Include="res\PS_LERP.psh">
      <Filter>리소스 파일</Filter>
    </None>
    <None Include="res\PS_MAP.psh">
      <Filter>리소스 파일</Filter>
    </None>
    <None Include="res\PS_MODULATE.psh">
      <Filter>리소스 파일</Filter>
    </None>
    <None Include="res\PS_MODULATE2X.psh">
      <Filter>리소스 파일</Filter>
    </None>
    <None Include="res\PS_MODULATE4X.psh">
      <Filter>리소스 파일</Filter>
    </None>
    <None Include="res\PS_MODULATEALPHA_ADDCOLOR.psh">
      <Filter>리소스 파일</Filter>
    </None>
    <None Include="res\PS_MODULATECOLOR_ADDALPHA.psh">
      <Filter>리소스 파일</Filter>
    </None>
    <None Include="res\PS_MODULATEINVALPHA_ADDCOLOR.psh">
      <Filter>리소스 파일</Filter>
    </None>
    <None Include="res\PS_MODULATEINVCOLOR_ADDALPHA.psh">
      <Filter>리소스 파일</Filter>
    </None>
    <None Include="res\PS_MULTIPLYADD.psh">
      <Filter>리소스 파일</Filter>
    </None>
    <None Include="res\PS_SHADER.psh">
      <Filter>리소스 파일</Filter>
    </None>
    <None Include="res\PS_STAGE1.psh">
      <Filter>리소스 파일</Filter>
    </None>
    <None Include="res\PS_SUBTRACT.psh">
      <Filter>리소스 파일</Filter>
    </None>
    <None Include="res\TMapViewer.ico">
      <Filter>리소스 파일</Filter>
    </None>
    <None Include="res\TMapViewer.rc2">
      <Filter>리소스 파일</Filter>
    </None>
    <None Include="res\TMapViewerDoc.ico">
      <Filter>리소스 파일</Filter>
    </None>
    <None Include="res\Toolbar.bmp">
      <Filter>리소스 파일</Filter>
    </None>
    <None Include="res\VS_LVERTEX.vsh">
      <Filter>리소스 파일</Filter>
    </None>
    <None Include="res\VS_MESH.vsh">
      <Filter>리소스 파일</Filter>
    </None>
    <None Include="res\VS_WMESH.vsh">
      <Filter>리소스 파일</Filter>
    </None>
  </ItemGroup>
  <ItemGroup>
    <ResourceCompile Include="TMapViewer.rc">
      <Filter>리소스 파일</Filter>
    </ResourceCompile>
  </ItemGroup>
</Project>