Microsoft Visual Studio Solution File, Format Version 9.00
# Visual Studio 2005
Project("{8BC9CEB8-8B4A-11D0-8D11-00A0C91BC942}") = "TLoginSvr", "TLoginSvr\TLoginSvr.vcproj", "{3668A95C-EBD3-47E4-BE13-0E2761B1A60E}"
	ProjectSection(ProjectDependencies) = postProject
		{C8A6200C-3257-4B16-90F6-6D35B62A6A39} = {C8A6200C-3257-4B16-90F6-6D35B62A6A39}
		{BA3F0892-64C5-497B-A10C-DAD0CE92B5FC} = {BA3F0892-64C5-497B-A10C-DAD0CE92B5FC}
	EndProjectSection
EndProject
Project("{8BC9CEB8-8B4A-11D0-8D11-00A0C91BC942}") = "TControlSvr", "TControlSvr\TControlSvr.vcproj", "{B69C3BF5-5AAA-4F0E-BF1D-43ABAFF04EC1}"
	ProjectSection(ProjectDependencies) = postProject
		{C8A6200C-3257-4B16-90F6-6D35B62A6A39} = {C8A6200C-3257-4B16-90F6-6D35B62A6A39}
		{BA3F0892-64C5-497B-A10C-DAD0CE92B5FC} = {BA3F0892-64C5-497B-A10C-DAD0CE92B5FC}
	EndProjectSection
EndProject
Project("{8BC9CEB8-8B4A-11D0-8D11-00A0C91BC942}") = "TMapSvr", "TMapSvr\TMapSvr.vcproj", "{E11BEA9A-DE53-4F16-9BF8-64BF1591B846}"
	ProjectSection(ProjectDependencies) = postProject
		{C8A6200C-3257-4B16-90F6-6D35B62A6A39} = {C8A6200C-3257-4B16-90F6-6D35B62A6A39}
		{BA3F0892-64C5-497B-A10C-DAD0CE92B5FC} = {BA3F0892-64C5-497B-A10C-DAD0CE92B5FC}
	EndProjectSection
EndProject
Project("{8BC9CEB8-8B4A-11D0-8D11-00A0C91BC942}") = "TWorldSvr", "TWorldSvr\TWorldSvr.vcproj", "{7D40C09E-18A8-4E11-9D2A-5FE4DB7E3EC7}"
	ProjectSection(ProjectDependencies) = postProject
		{C8A6200C-3257-4B16-90F6-6D35B62A6A39} = {C8A6200C-3257-4B16-90F6-6D35B62A6A39}
		{BA3F0892-64C5-497B-A10C-DAD0CE92B5FC} = {BA3F0892-64C5-497B-A10C-DAD0CE92B5FC}
	EndProjectSection
EndProject
Project("{8BC9CEB8-8B4A-11D0-8D11-00A0C91BC942}") = "TNetLib", "TNetLib\TNetLib.vcproj", "{C8A6200C-3257-4B16-90F6-6D35B62A6A39}"
EndProject
Project("{8BC9CEB8-8B4A-11D0-8D11-00A0C91BC942}") = "TProtocol", "..\TProtocol\TProtocol.vcproj", "{BA3F0892-64C5-497B-A10C-DAD0CE92B5FC}"
EndProject
Project("{8BC9CEB8-8B4A-11D0-8D11-00A0C91BC942}") = "TPatchSvr", "TPatchSvr\TPatchSvr.vcproj", "{96AD22E7-DE88-4902-9A10-12C356FEDAC8}"
EndProject
Project("{8BC9CEB8-8B4A-11D0-8D11-00A0C91BC942}") = "TRelaySvr", "TRelaySvr\TRelaySvr.vcproj", "{FFA27E87-2307-44EA-BFB1-B6F5CE73D566}"
EndProject
Project("{8BC9CEB8-8B4A-11D0-8D11-00A0C91BC942}") = "TAuthSP", "Tools\TAuthSP\TAuthSP.vcproj", "{B4D30179-5C27-465C-8814-1FDAF0A61122}"
EndProject
Project("{8BC9CEB8-8B4A-11D0-8D11-00A0C91BC942}") = "TMD5SP", "Tools\TMD5SP\TMD5SP.vcproj", "{36E6ED8D-70FD-4442-B384-1809EC489939}"
EndProject
Global
	GlobalSection(SolutionConfigurationPlatforms) = preSolution
		Debug|Win32 = Debug|Win32
		No Build|Win32 = No Build|Win32
		Release|Win32 = Release|Win32
	EndGlobalSection
	GlobalSection(ProjectConfigurationPlatforms) = postSolution
		{3668A95C-EBD3-47E4-BE13-0E2761B1A60E}.Debug|Win32.ActiveCfg = Debug|Win32
		{3668A95C-EBD3-47E4-BE13-0E2761B1A60E}.Debug|Win32.Build.0 = Debug|Win32
		{3668A95C-EBD3-47E4-BE13-0E2761B1A60E}.No Build|Win32.ActiveCfg = Release|Win32
		{3668A95C-EBD3-47E4-BE13-0E2761B1A60E}.No Build|Win32.Build.0 = Release|Win32
		{3668A95C-EBD3-47E4-BE13-0E2761B1A60E}.Release|Win32.ActiveCfg = Release|Win32
		{3668A95C-EBD3-47E4-BE13-0E2761B1A60E}.Release|Win32.Build.0 = Release|Win32
		{B69C3BF5-5AAA-4F0E-BF1D-43ABAFF04EC1}.Debug|Win32.ActiveCfg = Debug|Win32
		{B69C3BF5-5AAA-4F0E-BF1D-43ABAFF04EC1}.Debug|Win32.Build.0 = Debug|Win32
		{B69C3BF5-5AAA-4F0E-BF1D-43ABAFF04EC1}.No Build|Win32.ActiveCfg = Release|Win32
		{B69C3BF5-5AAA-4F0E-BF1D-43ABAFF04EC1}.Release|Win32.ActiveCfg = Release|Win32
		{B69C3BF5-5AAA-4F0E-BF1D-43ABAFF04EC1}.Release|Win32.Build.0 = Release|Win32
		{E11BEA9A-DE53-4F16-9BF8-64BF1591B846}.Debug|Win32.ActiveCfg = Debug|Win32
		{E11BEA9A-DE53-4F16-9BF8-64BF1591B846}.Debug|Win32.Build.0 = Debug|Win32
		{E11BEA9A-DE53-4F16-9BF8-64BF1591B846}.No Build|Win32.ActiveCfg = Release|Win32
		{E11BEA9A-DE53-4F16-9BF8-64BF1591B846}.Release|Win32.ActiveCfg = Release|Win32
		{E11BEA9A-DE53-4F16-9BF8-64BF1591B846}.Release|Win32.Build.0 = Release|Win32
		{7D40C09E-18A8-4E11-9D2A-5FE4DB7E3EC7}.Debug|Win32.ActiveCfg = Debug|Win32
		{7D40C09E-18A8-4E11-9D2A-5FE4DB7E3EC7}.Debug|Win32.Build.0 = Debug|Win32
		{7D40C09E-18A8-4E11-9D2A-5FE4DB7E3EC7}.No Build|Win32.ActiveCfg = Release|Win32
		{7D40C09E-18A8-4E11-9D2A-5FE4DB7E3EC7}.Release|Win32.ActiveCfg = Release|Win32
		{7D40C09E-18A8-4E11-9D2A-5FE4DB7E3EC7}.Release|Win32.Build.0 = Release|Win32
		{C8A6200C-3257-4B16-90F6-6D35B62A6A39}.Debug|Win32.ActiveCfg = Debug|Win32
		{C8A6200C-3257-4B16-90F6-6D35B62A6A39}.Debug|Win32.Build.0 = Debug|Win32
		{C8A6200C-3257-4B16-90F6-6D35B62A6A39}.No Build|Win32.ActiveCfg = Release|Win32
		{C8A6200C-3257-4B16-90F6-6D35B62A6A39}.Release|Win32.ActiveCfg = Release|Win32
		{C8A6200C-3257-4B16-90F6-6D35B62A6A39}.Release|Win32.Build.0 = Release|Win32
		{BA3F0892-64C5-497B-A10C-DAD0CE92B5FC}.Debug|Win32.ActiveCfg = No Build|Win32
		{BA3F0892-64C5-497B-A10C-DAD0CE92B5FC}.No Build|Win32.ActiveCfg = No Build|Win32
		{BA3F0892-64C5-497B-A10C-DAD0CE92B5FC}.Release|Win32.ActiveCfg = No Build|Win32
		{96AD22E7-DE88-4902-9A10-12C356FEDAC8}.Debug|Win32.ActiveCfg = Debug|Win32
		{96AD22E7-DE88-4902-9A10-12C356FEDAC8}.Debug|Win32.Build.0 = Debug|Win32
		{96AD22E7-DE88-4902-9A10-12C356FEDAC8}.No Build|Win32.ActiveCfg = Release|Win32
		{96AD22E7-DE88-4902-9A10-12C356FEDAC8}.No Build|Win32.Build.0 = Release|Win32
		{96AD22E7-DE88-4902-9A10-12C356FEDAC8}.Release|Win32.ActiveCfg = Release|Win32
		{96AD22E7-DE88-4902-9A10-12C356FEDAC8}.Release|Win32.Build.0 = Release|Win32
		{FFA27E87-2307-44EA-BFB1-B6F5CE73D566}.Debug|Win32.ActiveCfg = Debug|Win32
		{FFA27E87-2307-44EA-BFB1-B6F5CE73D566}.Debug|Win32.Build.0 = Debug|Win32
		{FFA27E87-2307-44EA-BFB1-B6F5CE73D566}.No Build|Win32.ActiveCfg = Release|Win32
		{FFA27E87-2307-44EA-BFB1-B6F5CE73D566}.No Build|Win32.Build.0 = Release|Win32
		{FFA27E87-2307-44EA-BFB1-B6F5CE73D566}.Release|Win32.ActiveCfg = Release|Win32
		{FFA27E87-2307-44EA-BFB1-B6F5CE73D566}.Release|Win32.Build.0 = Release|Win32
		{B4D30179-5C27-465C-8814-1FDAF0A61122}.Debug|Win32.ActiveCfg = Debug|Win32
		{B4D30179-5C27-465C-8814-1FDAF0A61122}.Debug|Win32.Build.0 = Debug|Win32
		{B4D30179-5C27-465C-8814-1FDAF0A61122}.No Build|Win32.ActiveCfg = Release|Win32
		{B4D30179-5C27-465C-8814-1FDAF0A61122}.No Build|Win32.Build.0 = Release|Win32
		{B4D30179-5C27-465C-8814-1FDAF0A61122}.Release|Win32.ActiveCfg = Release|Win32
		{B4D30179-5C27-465C-8814-1FDAF0A61122}.Release|Win32.Build.0 = Release|Win32
		{36E6ED8D-70FD-4442-B384-1809EC489939}.Debug|Win32.ActiveCfg = Debug|Win32
		{36E6ED8D-70FD-4442-B384-1809EC489939}.Debug|Win32.Build.0 = Debug|Win32
		{36E6ED8D-70FD-4442-B384-1809EC489939}.No Build|Win32.ActiveCfg = Release|Win32
		{36E6ED8D-70FD-4442-B384-1809EC489939}.No Build|Win32.Build.0 = Release|Win32
		{36E6ED8D-70FD-4442-B384-1809EC489939}.Release|Win32.ActiveCfg = Release|Win32
		{36E6ED8D-70FD-4442-B384-1809EC489939}.Release|Win32.Build.0 = Release|Win32
	EndGlobalSection
	GlobalSection(SolutionProperties) = preSolution
		HideSolutionNode = FALSE
	EndGlobalSection
EndGlobal
